
Microsoft Visual Studio Solution File, Format Version 12.00
# Visual Studio 2015
Project("{FAE04EC0-301F-11D3-BF4B-00C04F79EFBC}") = "brocolliEater.Plugins", "brocolliEater.Plugins.csproj", "{5B2BA334-1BF9-795B-DB63-5F94A353CEAD}"
EndProject
Project("{FAE04EC0-301F-11D3-BF4B-00C04F79EFBC}") = "brocolliEater", "brocolliEater.csproj", "{938B926E-12E7-FF4D-1395-E72FF2083782}"
EndProject
Project("{FAE04EC0-301F-11D3-BF4B-00C04F79EFBC}") = "brocolliEater.Editor.Plugins", "brocolliEater.Editor.Plugins.csproj", "{A64888A5-C76B-752A-A78E-0CACAA26DBD9}"
EndProject
Global
	GlobalSection(SolutionConfigurationPlatforms) = preSolution
		Debug|Any CPU = Debug|Any CPU
		Release|Any CPU = Release|Any CPU
	EndGlobalSection
	GlobalSection(ProjectConfigurationPlatforms) = postSolution
		{5B2BA334-1BF9-795B-DB63-5F94A353CEAD}.Debug|Any CPU.ActiveCfg = Debug|Any CPU
		{5B2BA334-1BF9-795B-DB63-5F94A353CEAD}.Debug|Any CPU.Build.0 = Debug|Any CPU
		{5B2BA334-1BF9-795B-DB63-5F94A353CEAD}.Release|Any CPU.ActiveCfg = Release|Any CPU
		{5B2BA334-1BF9-795B-DB63-5F94A353CEAD}.Release|Any CPU.Build.0 = Release|Any CPU
		{938B926E-12E7-FF4D-1395-E72FF2083782}.Debug|Any CPU.ActiveCfg = Debug|Any CPU
		{938B926E-12E7-FF4D-1395-E72FF2083782}.Debug|Any CPU.Build.0 = Debug|Any CPU
		{938B926E-12E7-FF4D-1395-E72FF2083782}.Release|Any CPU.ActiveCfg = Release|Any CPU
		{938B926E-12E7-FF4D-1395-E72FF2083782}.Release|Any CPU.Build.0 = Release|Any CPU
		{A64888A5-C76B-752A-A78E-0CACAA26DBD9}.Debug|Any CPU.ActiveCfg = Debug|Any CPU
		{A64888A5-C76B-752A-A78E-0CACAA26DBD9}.Debug|Any CPU.Build.0 = Debug|Any CPU
		{A64888A5-C76B-752A-A78E-0CACAA26DBD9}.Release|Any CPU.ActiveCfg = Release|Any CPU
		{A64888A5-C76B-752A-A78E-0CACAA26DBD9}.Release|Any CPU.Build.0 = Release|Any CPU
	EndGlobalSection
	GlobalSection(SolutionProperties) = preSolution
		HideSolutionNode = FALSE
	EndGlobalSection
EndGlobal
